// !$*UTF8*$!
{
	archiveVersion = 1;
	classes = {
	};
	objectVersion = 60;
	objects = {

/* Begin PBXBuildFile section */
		28BFF8902C56BBB500C272EA /* FlickrService.swift in Sources */ = {isa = PBXBuildFile; fileRef = 28BFF88F2C56BBB500C272EA /* FlickrService.swift */; };
		28BFF8922C56BC0300C272EA /* FlickrServiceProtocol.swift in Sources */ = {isa = PBXBuildFile; fileRef = 28BFF8912C56BC0300C272EA /* FlickrServiceProtocol.swift */; };
		28BFF8952C56BCA100C272EA /* NetworkService in Frameworks */ = {isa = PBXBuildFile; productRef = 28BFF8942C56BCA100C272EA /* NetworkService */; };
		28C9C6622C4FFDCC0055A357 /* PhotoHikesApp.swift in Sources */ = {isa = PBXBuildFile; fileRef = 28C9C6612C4FFDCC0055A357 /* PhotoHikesApp.swift */; };
		28C9C6662C4FFDD00055A357 /* Assets.xcassets in Resources */ = {isa = PBXBuildFile; fileRef = 28C9C6652C4FFDD00055A357 /* Assets.xcassets */; };
		28C9C6692C4FFDD00055A357 /* Preview Assets.xcassets in Resources */ = {isa = PBXBuildFile; fileRef = 28C9C6682C4FFDD00055A357 /* Preview Assets.xcassets */; };
		28E15D0D2C57CEF100715BDC /* FlickrServiceTests.swift in Sources */ = {isa = PBXBuildFile; fileRef = 28E15D0C2C57CEF100715BDC /* FlickrServiceTests.swift */; };
		28E15D102C57D44A00715BDC /* FlickrImageList.swift in Sources */ = {isa = PBXBuildFile; fileRef = 28E15D0F2C57D44A00715BDC /* FlickrImageList.swift */; };
		28E15D142C57DBAC00715BDC /* FlickrServiceError.swift in Sources */ = {isa = PBXBuildFile; fileRef = 28E15D132C57DBAC00715BDC /* FlickrServiceError.swift */; };
		28E15D162C57E20E00715BDC /* FlickrSearchCoordinates.swift in Sources */ = {isa = PBXBuildFile; fileRef = 28E15D152C57E20E00715BDC /* FlickrSearchCoordinates.swift */; };
		28EFAE1C2C50026500FAA6B2 /* TrackingView.swift in Sources */ = {isa = PBXBuildFile; fileRef = 28EFAE1B2C50026500FAA6B2 /* TrackingView.swift */; };
		28EFAE1E2C50042800FAA6B2 /* TrackingViewModel.swift in Sources */ = {isa = PBXBuildFile; fileRef = 28EFAE1D2C50042800FAA6B2 /* TrackingViewModel.swift */; };
		28EFAE202C5005E400FAA6B2 /* PhotoHikesView.swift in Sources */ = {isa = PBXBuildFile; fileRef = 28EFAE1F2C5005E400FAA6B2 /* PhotoHikesView.swift */; };
		28EFAE222C50070700FAA6B2 /* Localizable.xcstrings in Resources */ = {isa = PBXBuildFile; fileRef = 28EFAE212C50070700FAA6B2 /* Localizable.xcstrings */; };
		28EFAE282C50081900FAA6B2 /* TrackingViewModelTests.swift in Sources */ = {isa = PBXBuildFile; fileRef = 28EFAE272C50081900FAA6B2 /* TrackingViewModelTests.swift */; };
		28EFAE2C2C52230100FAA6B2 /* LocationService.swift in Sources */ = {isa = PBXBuildFile; fileRef = 28EFAE2B2C52230100FAA6B2 /* LocationService.swift */; };
		28EFAE2E2C5229F500FAA6B2 /* LocationServiceError.swift in Sources */ = {isa = PBXBuildFile; fileRef = 28EFAE2D2C5229F500FAA6B2 /* LocationServiceError.swift */; };
		28EFAE322C53A5DE00FAA6B2 /* LocationServiceProtocol.swift in Sources */ = {isa = PBXBuildFile; fileRef = 28EFAE312C53A5DE00FAA6B2 /* LocationServiceProtocol.swift */; };
		28EFAE342C53A63D00FAA6B2 /* LocationServiceMock.swift in Sources */ = {isa = PBXBuildFile; fileRef = 28EFAE332C53A63D00FAA6B2 /* LocationServiceMock.swift */; };
/* End PBXBuildFile section */

/* Begin PBXContainerItemProxy section */
		28C9C66F2C4FFDD10055A357 /* PBXContainerItemProxy */ = {
			isa = PBXContainerItemProxy;
			containerPortal = 28C9C6562C4FFDCC0055A357 /* Project object */;
			proxyType = 1;
			remoteGlobalIDString = 28C9C65D2C4FFDCC0055A357;
			remoteInfo = PhotoHikes;
		};
/* End PBXContainerItemProxy section */

/* Begin PBXFileReference section */
		28BFF88F2C56BBB500C272EA /* FlickrService.swift */ = {isa = PBXFileReference; lastKnownFileType = sourcecode.swift; path = FlickrService.swift; sourceTree = "<group>"; };
		28BFF8912C56BC0300C272EA /* FlickrServiceProtocol.swift */ = {isa = PBXFileReference; lastKnownFileType = sourcecode.swift; path = FlickrServiceProtocol.swift; sourceTree = "<group>"; };
		28C9C65E2C4FFDCC0055A357 /* PhotoHikes.app */ = {isa = PBXFileReference; explicitFileType = wrapper.application; includeInIndex = 0; path = PhotoHikes.app; sourceTree = BUILT_PRODUCTS_DIR; };
		28C9C6612C4FFDCC0055A357 /* PhotoHikesApp.swift */ = {isa = PBXFileReference; lastKnownFileType = sourcecode.swift; path = PhotoHikesApp.swift; sourceTree = "<group>"; };
		28C9C6652C4FFDD00055A357 /* Assets.xcassets */ = {isa = PBXFileReference; lastKnownFileType = folder.assetcatalog; path = Assets.xcassets; sourceTree = "<group>"; };
		28C9C6682C4FFDD00055A357 /* Preview Assets.xcassets */ = {isa = PBXFileReference; lastKnownFileType = folder.assetcatalog; path = "Preview Assets.xcassets"; sourceTree = "<group>"; };
		28C9C66E2C4FFDD10055A357 /* PhotoHikesTests.xctest */ = {isa = PBXFileReference; explicitFileType = wrapper.cfbundle; includeInIndex = 0; path = PhotoHikesTests.xctest; sourceTree = BUILT_PRODUCTS_DIR; };
		28C9C68B2C4FFF290055A357 /* README.md */ = {isa = PBXFileReference; lastKnownFileType = net.daringfireball.markdown; name = README.md; path = ../README.md; sourceTree = "<group>"; };
		28E15D0C2C57CEF100715BDC /* FlickrServiceTests.swift */ = {isa = PBXFileReference; lastKnownFileType = sourcecode.swift; name = FlickrServiceTests.swift; path = Flickr/FlickrServiceTests.swift; sourceTree = "<group>"; };
		28E15D0F2C57D44A00715BDC /* FlickrImageList.swift */ = {isa = PBXFileReference; lastKnownFileType = sourcecode.swift; path = FlickrImageList.swift; sourceTree = "<group>"; };
		28E15D132C57DBAC00715BDC /* FlickrServiceError.swift */ = {isa = PBXFileReference; lastKnownFileType = sourcecode.swift; path = FlickrServiceError.swift; sourceTree = "<group>"; };
		28E15D152C57E20E00715BDC /* FlickrSearchCoordinates.swift */ = {isa = PBXFileReference; lastKnownFileType = sourcecode.swift; path = FlickrSearchCoordinates.swift; sourceTree = "<group>"; };
		28EFAE1B2C50026500FAA6B2 /* TrackingView.swift */ = {isa = PBXFileReference; lastKnownFileType = sourcecode.swift; path = TrackingView.swift; sourceTree = "<group>"; };
		28EFAE1D2C50042800FAA6B2 /* TrackingViewModel.swift */ = {isa = PBXFileReference; lastKnownFileType = sourcecode.swift; path = TrackingViewModel.swift; sourceTree = "<group>"; };
		28EFAE1F2C5005E400FAA6B2 /* PhotoHikesView.swift */ = {isa = PBXFileReference; lastKnownFileType = sourcecode.swift; path = PhotoHikesView.swift; sourceTree = "<group>"; };
		28EFAE212C50070700FAA6B2 /* Localizable.xcstrings */ = {isa = PBXFileReference; lastKnownFileType = text.json.xcstrings; path = Localizable.xcstrings; sourceTree = "<group>"; };
		28EFAE272C50081900FAA6B2 /* TrackingViewModelTests.swift */ = {isa = PBXFileReference; lastKnownFileType = sourcecode.swift; path = TrackingViewModelTests.swift; sourceTree = "<group>"; };
		28EFAE2B2C52230100FAA6B2 /* LocationService.swift */ = {isa = PBXFileReference; lastKnownFileType = sourcecode.swift; path = LocationService.swift; sourceTree = "<group>"; };
		28EFAE2D2C5229F500FAA6B2 /* LocationServiceError.swift */ = {isa = PBXFileReference; lastKnownFileType = sourcecode.swift; path = LocationServiceError.swift; sourceTree = "<group>"; };
		28EFAE312C53A5DE00FAA6B2 /* LocationServiceProtocol.swift */ = {isa = PBXFileReference; lastKnownFileType = sourcecode.swift; path = LocationServiceProtocol.swift; sourceTree = "<group>"; };
		28EFAE332C53A63D00FAA6B2 /* LocationServiceMock.swift */ = {isa = PBXFileReference; lastKnownFileType = sourcecode.swift; path = LocationServiceMock.swift; sourceTree = "<group>"; };
/* End PBXFileReference section */

/* Begin PBXFrameworksBuildPhase section */
		28C9C65B2C4FFDCC0055A357 /* Frameworks */ = {
			isa = PBXFrameworksBuildPhase;
			buildActionMask = 2147483647;
			files = (
				28BFF8952C56BCA100C272EA /* NetworkService in Frameworks */,
			);
			runOnlyForDeploymentPostprocessing = 0;
		};
		28C9C66B2C4FFDD10055A357 /* Frameworks */ = {
			isa = PBXFrameworksBuildPhase;
			buildActionMask = 2147483647;
			files = (
			);
			runOnlyForDeploymentPostprocessing = 0;
		};
/* End PBXFrameworksBuildPhase section */

/* Begin PBXGroup section */
		28BFF88E2C56BBAA00C272EA /* Flickr */ = {
			isa = PBXGroup;
			children = (
				28E15D0E2C57D43F00715BDC /* Models */,
				28BFF88F2C56BBB500C272EA /* FlickrService.swift */,
				28BFF8912C56BC0300C272EA /* FlickrServiceProtocol.swift */,
				28E15D132C57DBAC00715BDC /* FlickrServiceError.swift */,
			);
			path = Flickr;
			sourceTree = "<group>";
		};
		28C9C6552C4FFDCC0055A357 = {
			isa = PBXGroup;
			children = (
				28C9C68B2C4FFF290055A357 /* README.md */,
				28C9C6602C4FFDCC0055A357 /* PhotoHikes */,
				28C9C6712C4FFDD10055A357 /* PhotoHikesTests */,
				28C9C65F2C4FFDCC0055A357 /* Products */,
			);
			sourceTree = "<group>";
		};
		28C9C65F2C4FFDCC0055A357 /* Products */ = {
			isa = PBXGroup;
			children = (
				28C9C65E2C4FFDCC0055A357 /* PhotoHikes.app */,
				28C9C66E2C4FFDD10055A357 /* PhotoHikesTests.xctest */,
			);
			name = Products;
			sourceTree = "<group>";
		};
		28C9C6602C4FFDCC0055A357 /* PhotoHikes */ = {
			isa = PBXGroup;
			children = (
				28C9C6612C4FFDCC0055A357 /* PhotoHikesApp.swift */,
				28C9C6672C4FFDD00055A357 /* Preview Content */,
				28EFAE242C50078D00FAA6B2 /* Screens */,
				28EFAE292C5222CA00FAA6B2 /* Services */,
				28EFAE232C50071000FAA6B2 /* Support */,
			);
			path = PhotoHikes;
			sourceTree = "<group>";
		};
		28C9C6672C4FFDD00055A357 /* Preview Content */ = {
			isa = PBXGroup;
			children = (
				28C9C6682C4FFDD00055A357 /* Preview Assets.xcassets */,
			);
			path = "Preview Content";
			sourceTree = "<group>";
		};
		28C9C6712C4FFDD10055A357 /* PhotoHikesTests */ = {
			isa = PBXGroup;
			children = (
				28E15D0B2C57CECA00715BDC /* Services */,
				28EFAE2F2C53A4B200FAA6B2 /* Screens */,
			);
			path = PhotoHikesTests;
			sourceTree = "<group>";
		};
		28E15D0B2C57CECA00715BDC /* Services */ = {
			isa = PBXGroup;
			children = (
				28E15D0C2C57CEF100715BDC /* FlickrServiceTests.swift */,
			);
			path = Services;
			sourceTree = "<group>";
		};
		28E15D0E2C57D43F00715BDC /* Models */ = {
			isa = PBXGroup;
			children = (
				28E15D152C57E20E00715BDC /* FlickrSearchCoordinates.swift */,
				28E15D0F2C57D44A00715BDC /* FlickrImageList.swift */,
			);
			path = Models;
			sourceTree = "<group>";
		};
		28EFAE1A2C50025500FAA6B2 /* TrackingScreen */ = {
			isa = PBXGroup;
			children = (
				28EFAE1B2C50026500FAA6B2 /* TrackingView.swift */,
				28EFAE1D2C50042800FAA6B2 /* TrackingViewModel.swift */,
			);
			path = TrackingScreen;
			sourceTree = "<group>";
		};
		28EFAE232C50071000FAA6B2 /* Support */ = {
			isa = PBXGroup;
			children = (
				28C9C6652C4FFDD00055A357 /* Assets.xcassets */,
				28EFAE212C50070700FAA6B2 /* Localizable.xcstrings */,
			);
			path = Support;
			sourceTree = "<group>";
		};
		28EFAE242C50078D00FAA6B2 /* Screens */ = {
			isa = PBXGroup;
			children = (
				28EFAE252C50079800FAA6B2 /* PhotoHikes */,
				28EFAE1A2C50025500FAA6B2 /* TrackingScreen */,
			);
			path = Screens;
			sourceTree = "<group>";
		};
		28EFAE252C50079800FAA6B2 /* PhotoHikes */ = {
			isa = PBXGroup;
			children = (
				28EFAE1F2C5005E400FAA6B2 /* PhotoHikesView.swift */,
			);
			path = PhotoHikes;
			sourceTree = "<group>";
		};
		28EFAE292C5222CA00FAA6B2 /* Services */ = {
			isa = PBXGroup;
			children = (
				28BFF88E2C56BBAA00C272EA /* Flickr */,
				28EFAE2A2C5222E300FAA6B2 /* Location */,
			);
			path = Services;
			sourceTree = "<group>";
		};
		28EFAE2A2C5222E300FAA6B2 /* Location */ = {
			isa = PBXGroup;
			children = (
				28EFAE2B2C52230100FAA6B2 /* LocationService.swift */,
				28EFAE2D2C5229F500FAA6B2 /* LocationServiceError.swift */,
				28EFAE312C53A5DE00FAA6B2 /* LocationServiceProtocol.swift */,
				28EFAE332C53A63D00FAA6B2 /* LocationServiceMock.swift */,
			);
			path = Location;
			sourceTree = "<group>";
		};
		28EFAE2F2C53A4B200FAA6B2 /* Screens */ = {
			isa = PBXGroup;
			children = (
				28EFAE302C53A4B900FAA6B2 /* TrackingScreen */,
			);
			path = Screens;
			sourceTree = "<group>";
		};
		28EFAE302C53A4B900FAA6B2 /* TrackingScreen */ = {
			isa = PBXGroup;
			children = (
				28EFAE272C50081900FAA6B2 /* TrackingViewModelTests.swift */,
			);
			path = TrackingScreen;
			sourceTree = "<group>";
		};
/* End PBXGroup section */

/* Begin PBXNativeTarget section */
		28C9C65D2C4FFDCC0055A357 /* PhotoHikes */ = {
			isa = PBXNativeTarget;
			buildConfigurationList = 28C9C6822C4FFDD10055A357 /* Build configuration list for PBXNativeTarget "PhotoHikes" */;
			buildPhases = (
				28C9C65A2C4FFDCC0055A357 /* Sources */,
				28C9C65B2C4FFDCC0055A357 /* Frameworks */,
				28C9C65C2C4FFDCC0055A357 /* Resources */,
			);
			buildRules = (
			);
			dependencies = (
			);
			name = PhotoHikes;
			packageProductDependencies = (
				28BFF8942C56BCA100C272EA /* NetworkService */,
			);
			productName = PhotoHikes;
			productReference = 28C9C65E2C4FFDCC0055A357 /* PhotoHikes.app */;
			productType = "com.apple.product-type.application";
		};
		28C9C66D2C4FFDD10055A357 /* PhotoHikesTests */ = {
			isa = PBXNativeTarget;
			buildConfigurationList = 28C9C6852C4FFDD10055A357 /* Build configuration list for PBXNativeTarget "PhotoHikesTests" */;
			buildPhases = (
				28C9C66A2C4FFDD10055A357 /* Sources */,
				28C9C66B2C4FFDD10055A357 /* Frameworks */,
				28C9C66C2C4FFDD10055A357 /* Resources */,
			);
			buildRules = (
			);
			dependencies = (
				28C9C6702C4FFDD10055A357 /* PBXTargetDependency */,
			);
			name = PhotoHikesTests;
			productName = PhotoHikesTests;
			productReference = 28C9C66E2C4FFDD10055A357 /* PhotoHikesTests.xctest */;
			productType = "com.apple.product-type.bundle.unit-test";
		};
/* End PBXNativeTarget section */

/* Begin PBXProject section */
		28C9C6562C4FFDCC0055A357 /* Project object */ = {
			isa = PBXProject;
			attributes = {
				BuildIndependentTargetsInParallel = 1;
				LastSwiftUpdateCheck = 1540;
				LastUpgradeCheck = 1540;
				TargetAttributes = {
					28C9C65D2C4FFDCC0055A357 = {
						CreatedOnToolsVersion = 15.4;
					};
					28C9C66D2C4FFDD10055A357 = {
						CreatedOnToolsVersion = 15.4;
						TestTargetID = 28C9C65D2C4FFDCC0055A357;
					};
				};
			};
			buildConfigurationList = 28C9C6592C4FFDCC0055A357 /* Build configuration list for PBXProject "PhotoHikes" */;
			compatibilityVersion = "Xcode 14.0";
			developmentRegion = en;
			hasScannedForEncodings = 0;
			knownRegions = (
				en,
				Base,
			);
			mainGroup = 28C9C6552C4FFDCC0055A357;
			packageReferences = (
				28BFF8932C56BCA100C272EA /* XCLocalSwiftPackageReference "../NetworkService" */,
			);
			productRefGroup = 28C9C65F2C4FFDCC0055A357 /* Products */;
			projectDirPath = "";
			projectRoot = "";
			targets = (
				28C9C65D2C4FFDCC0055A357 /* PhotoHikes */,
				28C9C66D2C4FFDD10055A357 /* PhotoHikesTests */,
			);
		};
/* End PBXProject section */

/* Begin PBXResourcesBuildPhase section */
		28C9C65C2C4FFDCC0055A357 /* Resources */ = {
			isa = PBXResourcesBuildPhase;
			buildActionMask = 2147483647;
			files = (
				28C9C6692C4FFDD00055A357 /* Preview Assets.xcassets in Resources */,
				28C9C6662C4FFDD00055A357 /* Assets.xcassets in Resources */,
				28EFAE222C50070700FAA6B2 /* Localizable.xcstrings in Resources */,
			);
			runOnlyForDeploymentPostprocessing = 0;
		};
		28C9C66C2C4FFDD10055A357 /* Resources */ = {
			isa = PBXResourcesBuildPhase;
			buildActionMask = 2147483647;
			files = (
			);
			runOnlyForDeploymentPostprocessing = 0;
		};
/* End PBXResourcesBuildPhase section */

/* Begin PBXSourcesBuildPhase section */
		28C9C65A2C4FFDCC0055A357 /* Sources */ = {
			isa = PBXSourcesBuildPhase;
			buildActionMask = 2147483647;
			files = (
				28EFAE342C53A63D00FAA6B2 /* LocationServiceMock.swift in Sources */,
				28EFAE202C5005E400FAA6B2 /* PhotoHikesView.swift in Sources */,
				28BFF8902C56BBB500C272EA /* FlickrService.swift in Sources */,
				28EFAE1C2C50026500FAA6B2 /* TrackingView.swift in Sources */,
				28EFAE2C2C52230100FAA6B2 /* LocationService.swift in Sources */,
				28E15D142C57DBAC00715BDC /* FlickrServiceError.swift in Sources */,
				28EFAE1E2C50042800FAA6B2 /* TrackingViewModel.swift in Sources */,
				28C9C6622C4FFDCC0055A357 /* PhotoHikesApp.swift in Sources */,
				28E15D102C57D44A00715BDC /* FlickrImageList.swift in Sources */,
				28EFAE2E2C5229F500FAA6B2 /* LocationServiceError.swift in Sources */,
				28BFF8922C56BC0300C272EA /* FlickrServiceProtocol.swift in Sources */,
				28EFAE322C53A5DE00FAA6B2 /* LocationServiceProtocol.swift in Sources */,
				28E15D162C57E20E00715BDC /* FlickrSearchCoordinates.swift in Sources */,
			);
			runOnlyForDeploymentPostprocessing = 0;
		};
		28C9C66A2C4FFDD10055A357 /* Sources */ = {
			isa = PBXSourcesBuildPhase;
			buildActionMask = 2147483647;
			files = (
				28E15D0D2C57CEF100715BDC /* FlickrServiceTests.swift in Sources */,
				28EFAE282C50081900FAA6B2 /* TrackingViewModelTests.swift in Sources */,
			);
			runOnlyForDeploymentPostprocessing = 0;
		};
/* End PBXSourcesBuildPhase section */

/* Begin PBXTargetDependency section */
		28C9C6702C4FFDD10055A357 /* PBXTargetDependency */ = {
			isa = PBXTargetDependency;
			target = 28C9C65D2C4FFDCC0055A357 /* PhotoHikes */;
			targetProxy = 28C9C66F2C4FFDD10055A357 /* PBXContainerItemProxy */;
		};
/* End PBXTargetDependency section */

/* Begin XCBuildConfiguration section */
		28C9C6802C4FFDD10055A357 /* Debug */ = {
			isa = XCBuildConfiguration;
			buildSettings = {
				ALWAYS_SEARCH_USER_PATHS = NO;
				ASSETCATALOG_COMPILER_GENERATE_SWIFT_ASSET_SYMBOL_EXTENSIONS = YES;
				CLANG_ANALYZER_NONNULL = YES;
				CLANG_ANALYZER_NUMBER_OBJECT_CONVERSION = YES_AGGRESSIVE;
				CLANG_CXX_LANGUAGE_STANDARD = "gnu++20";
				CLANG_ENABLE_MODULES = YES;
				CLANG_ENABLE_OBJC_ARC = YES;
				CLANG_ENABLE_OBJC_WEAK = YES;
				CLANG_WARN_BLOCK_CAPTURE_AUTORELEASING = YES;
				CLANG_WARN_BOOL_CONVERSION = YES;
				CLANG_WARN_COMMA = YES;
				CLANG_WARN_CONSTANT_CONVERSION = YES;
				CLANG_WARN_DEPRECATED_OBJC_IMPLEMENTATIONS = YES;
				CLANG_WARN_DIRECT_OBJC_ISA_USAGE = YES_ERROR;
				CLANG_WARN_DOCUMENTATION_COMMENTS = YES;
				CLANG_WARN_EMPTY_BODY = YES;
				CLANG_WARN_ENUM_CONVERSION = YES;
				CLANG_WARN_INFINITE_RECURSION = YES;
				CLANG_WARN_INT_CONVERSION = YES;
				CLANG_WARN_NON_LITERAL_NULL_CONVERSION = YES;
				CLANG_WARN_OBJC_IMPLICIT_RETAIN_SELF = YES;
				CLANG_WARN_OBJC_LITERAL_CONVERSION = YES;
				CLANG_WARN_OBJC_ROOT_CLASS = YES_ERROR;
				CLANG_WARN_QUOTED_INCLUDE_IN_FRAMEWORK_HEADER = YES;
				CLANG_WARN_RANGE_LOOP_ANALYSIS = YES;
				CLANG_WARN_STRICT_PROTOTYPES = YES;
				CLANG_WARN_SUSPICIOUS_MOVE = YES;
				CLANG_WARN_UNGUARDED_AVAILABILITY = YES_AGGRESSIVE;
				CLANG_WARN_UNREACHABLE_CODE = YES;
				CLANG_WARN__DUPLICATE_METHOD_MATCH = YES;
				COPY_PHASE_STRIP = NO;
				DEBUG_INFORMATION_FORMAT = dwarf;
				ENABLE_STRICT_OBJC_MSGSEND = YES;
				ENABLE_TESTABILITY = YES;
				ENABLE_USER_SCRIPT_SANDBOXING = YES;
				GCC_C_LANGUAGE_STANDARD = gnu17;
				GCC_DYNAMIC_NO_PIC = NO;
				GCC_NO_COMMON_BLOCKS = YES;
				GCC_OPTIMIZATION_LEVEL = 0;
				GCC_PREPROCESSOR_DEFINITIONS = (
					"DEBUG=1",
					"$(inherited)",
				);
				GCC_WARN_64_TO_32_BIT_CONVERSION = YES;
				GCC_WARN_ABOUT_RETURN_TYPE = YES_ERROR;
				GCC_WARN_UNDECLARED_SELECTOR = YES;
				GCC_WARN_UNINITIALIZED_AUTOS = YES_AGGRESSIVE;
				GCC_WARN_UNUSED_FUNCTION = YES;
				GCC_WARN_UNUSED_VARIABLE = YES;
				IPHONEOS_DEPLOYMENT_TARGET = 17.5;
				LOCALIZATION_PREFERS_STRING_CATALOGS = YES;
				MTL_ENABLE_DEBUG_INFO = INCLUDE_SOURCE;
				MTL_FAST_MATH = YES;
				ONLY_ACTIVE_ARCH = YES;
				SDKROOT = iphoneos;
				SWIFT_ACTIVE_COMPILATION_CONDITIONS = "DEBUG $(inherited)";
				SWIFT_OPTIMIZATION_LEVEL = "-Onone";
			};
			name = Debug;
		};
		28C9C6812C4FFDD10055A357 /* Release */ = {
			isa = XCBuildConfiguration;
			buildSettings = {
				ALWAYS_SEARCH_USER_PATHS = NO;
				ASSETCATALOG_COMPILER_GENERATE_SWIFT_ASSET_SYMBOL_EXTENSIONS = YES;
				CLANG_ANALYZER_NONNULL = YES;
				CLANG_ANALYZER_NUMBER_OBJECT_CONVERSION = YES_AGGRESSIVE;
				CLANG_CXX_LANGUAGE_STANDARD = "gnu++20";
				CLANG_ENABLE_MODULES = YES;
				CLANG_ENABLE_OBJC_ARC = YES;
				CLANG_ENABLE_OBJC_WEAK = YES;
				CLANG_WARN_BLOCK_CAPTURE_AUTORELEASING = YES;
				CLANG_WARN_BOOL_CONVERSION = YES;
				CLANG_WARN_COMMA = YES;
				CLANG_WARN_CONSTANT_CONVERSION = YES;
				CLANG_WARN_DEPRECATED_OBJC_IMPLEMENTATIONS = YES;
				CLANG_WARN_DIRECT_OBJC_ISA_USAGE = YES_ERROR;
				CLANG_WARN_DOCUMENTATION_COMMENTS = YES;
				CLANG_WARN_EMPTY_BODY = YES;
				CLANG_WARN_ENUM_CONVERSION = YES;
				CLANG_WARN_INFINITE_RECURSION = YES;
				CLANG_WARN_INT_CONVERSION = YES;
				CLANG_WARN_NON_LITERAL_NULL_CONVERSION = YES;
				CLANG_WARN_OBJC_IMPLICIT_RETAIN_SELF = YES;
				CLANG_WARN_OBJC_LITERAL_CONVERSION = YES;
				CLANG_WARN_OBJC_ROOT_CLASS = YES_ERROR;
				CLANG_WARN_QUOTED_INCLUDE_IN_FRAMEWORK_HEADER = YES;
				CLANG_WARN_RANGE_LOOP_ANALYSIS = YES;
				CLANG_WARN_STRICT_PROTOTYPES = YES;
				CLANG_WARN_SUSPICIOUS_MOVE = YES;
				CLANG_WARN_UNGUARDED_AVAILABILITY = YES_AGGRESSIVE;
				CLANG_WARN_UNREACHABLE_CODE = YES;
				CLANG_WARN__DUPLICATE_METHOD_MATCH = YES;
				COPY_PHASE_STRIP = NO;
				DEBUG_INFORMATION_FORMAT = "dwarf-with-dsym";
				ENABLE_NS_ASSERTIONS = NO;
				ENABLE_STRICT_OBJC_MSGSEND = YES;
				ENABLE_USER_SCRIPT_SANDBOXING = YES;
				GCC_C_LANGUAGE_STANDARD = gnu17;
				GCC_NO_COMMON_BLOCKS = YES;
				GCC_WARN_64_TO_32_BIT_CONVERSION = YES;
				GCC_WARN_ABOUT_RETURN_TYPE = YES_ERROR;
				GCC_WARN_UNDECLARED_SELECTOR = YES;
				GCC_WARN_UNINITIALIZED_AUTOS = YES_AGGRESSIVE;
				GCC_WARN_UNUSED_FUNCTION = YES;
				GCC_WARN_UNUSED_VARIABLE = YES;
				IPHONEOS_DEPLOYMENT_TARGET = 17.5;
				LOCALIZATION_PREFERS_STRING_CATALOGS = YES;
				MTL_ENABLE_DEBUG_INFO = NO;
				MTL_FAST_MATH = YES;
				SDKROOT = iphoneos;
				SWIFT_COMPILATION_MODE = wholemodule;
				VALIDATE_PRODUCT = YES;
			};
			name = Release;
		};
		28C9C6832C4FFDD10055A357 /* Debug */ = {
			isa = XCBuildConfiguration;
			buildSettings = {
				ASSETCATALOG_COMPILER_APPICON_NAME = AppIcon;
				ASSETCATALOG_COMPILER_GLOBAL_ACCENT_COLOR_NAME = AccentColor;
				CODE_SIGN_STYLE = Automatic;
				CURRENT_PROJECT_VERSION = 1;
				DEVELOPMENT_ASSET_PATHS = "\"PhotoHikes/Preview Content\"";
				DEVELOPMENT_TEAM = V3GCB27K47;
				ENABLE_PREVIEWS = YES;
				GENERATE_INFOPLIST_FILE = YES;
				INFOPLIST_KEY_CFBundleDisplayName = "";
				INFOPLIST_KEY_NSLocationWhenInUseUsageDescription = "Required to record and find photos along your hike.";
				INFOPLIST_KEY_UIApplicationSceneManifest_Generation = YES;
				INFOPLIST_KEY_UIApplicationSupportsIndirectInputEvents = YES;
				INFOPLIST_KEY_UILaunchScreen_Generation = YES;
				INFOPLIST_KEY_UIRequiredDeviceCapabilities = "location-services gps";
				INFOPLIST_KEY_UISupportedInterfaceOrientations_iPad = "UIInterfaceOrientationPortrait UIInterfaceOrientationPortraitUpsideDown UIInterfaceOrientationLandscapeLeft UIInterfaceOrientationLandscapeRight";
				INFOPLIST_KEY_UISupportedInterfaceOrientations_iPhone = "UIInterfaceOrientationPortrait UIInterfaceOrientationLandscapeLeft UIInterfaceOrientationLandscapeRight";
				LD_RUNPATH_SEARCH_PATHS = (
					"$(inherited)",
					"@executable_path/Frameworks",
				);
				MARKETING_VERSION = 1.0;
				PRODUCT_BUNDLE_IDENTIFIER = de.fassbender.PhotoHikes;
				PRODUCT_NAME = "$(TARGET_NAME)";
				SUPPORTED_PLATFORMS = "iphoneos iphonesimulator";
				SUPPORTS_MACCATALYST = NO;
				SUPPORTS_MAC_DESIGNED_FOR_IPHONE_IPAD = NO;
				SUPPORTS_XR_DESIGNED_FOR_IPHONE_IPAD = NO;
				SWIFT_EMIT_LOC_STRINGS = YES;
				SWIFT_VERSION = 5.0;
				TARGETED_DEVICE_FAMILY = 1;
			};
			name = Debug;
		};
		28C9C6842C4FFDD10055A357 /* Release */ = {
			isa = XCBuildConfiguration;
			buildSettings = {
				ASSETCATALOG_COMPILER_APPICON_NAME = AppIcon;
				ASSETCATALOG_COMPILER_GLOBAL_ACCENT_COLOR_NAME = AccentColor;
				CODE_SIGN_STYLE = Automatic;
				CURRENT_PROJECT_VERSION = 1;
				DEVELOPMENT_ASSET_PATHS = "\"PhotoHikes/Preview Content\"";
				DEVELOPMENT_TEAM = V3GCB27K47;
				ENABLE_PREVIEWS = YES;
				GENERATE_INFOPLIST_FILE = YES;
				INFOPLIST_KEY_CFBundleDisplayName = "";
				INFOPLIST_KEY_NSLocationWhenInUseUsageDescription = "Required to record and find photos along your hike.";
				INFOPLIST_KEY_UIApplicationSceneManifest_Generation = YES;
				INFOPLIST_KEY_UIApplicationSupportsIndirectInputEvents = YES;
				INFOPLIST_KEY_UILaunchScreen_Generation = YES;
				INFOPLIST_KEY_UIRequiredDeviceCapabilities = "location-services gps";
				INFOPLIST_KEY_UISupportedInterfaceOrientations_iPad = "UIInterfaceOrientationPortrait UIInterfaceOrientationPortraitUpsideDown UIInterfaceOrientationLandscapeLeft UIInterfaceOrientationLandscapeRight";
				INFOPLIST_KEY_UISupportedInterfaceOrientations_iPhone = "UIInterfaceOrientationPortrait UIInterfaceOrientationLandscapeLeft UIInterfaceOrientationLandscapeRight";
				LD_RUNPATH_SEARCH_PATHS = (
					"$(inherited)",
					"@executable_path/Frameworks",
				);
				MARKETING_VERSION = 1.0;
				PRODUCT_BUNDLE_IDENTIFIER = de.fassbender.PhotoHikes;
				PRODUCT_NAME = "$(TARGET_NAME)";
				SUPPORTED_PLATFORMS = "iphoneos iphonesimulator";
				SUPPORTS_MACCATALYST = NO;
				SUPPORTS_MAC_DESIGNED_FOR_IPHONE_IPAD = NO;
				SUPPORTS_XR_DESIGNED_FOR_IPHONE_IPAD = NO;
				SWIFT_EMIT_LOC_STRINGS = YES;
				SWIFT_VERSION = 5.0;
				TARGETED_DEVICE_FAMILY = 1;
			};
			name = Release;
		};
		28C9C6862C4FFDD10055A357 /* Debug */ = {
			isa = XCBuildConfiguration;
			buildSettings = {
				ALWAYS_EMBED_SWIFT_STANDARD_LIBRARIES = YES;
				BUNDLE_LOADER = "$(TEST_HOST)";
				CODE_SIGN_STYLE = Automatic;
				CURRENT_PROJECT_VERSION = 1;
				DEVELOPMENT_TEAM = V3GCB27K47;
				GENERATE_INFOPLIST_FILE = YES;
				IPHONEOS_DEPLOYMENT_TARGET = 17.5;
				MARKETING_VERSION = 1.0;
				PRODUCT_BUNDLE_IDENTIFIER = de.fassbender.PhotoHikesTests;
				PRODUCT_NAME = "$(TARGET_NAME)";
				SWIFT_EMIT_LOC_STRINGS = NO;
				SWIFT_VERSION = 5.0;
				TARGETED_DEVICE_FAMILY = "1,2";
				TEST_HOST = "$(BUILT_PRODUCTS_DIR)/PhotoHikes.app/$(BUNDLE_EXECUTABLE_FOLDER_PATH)/PhotoHikes";
			};
			name = Debug;
		};
		28C9C6872C4FFDD10055A357 /* Release */ = {
			isa = XCBuildConfiguration;
			buildSettings = {
				ALWAYS_EMBED_SWIFT_STANDARD_LIBRARIES = YES;
				BUNDLE_LOADER = "$(TEST_HOST)";
				CODE_SIGN_STYLE = Automatic;
				CURRENT_PROJECT_VERSION = 1;
				DEVELOPMENT_TEAM = V3GCB27K47;
				GENERATE_INFOPLIST_FILE = YES;
				IPHONEOS_DEPLOYMENT_TARGET = 17.5;
				MARKETING_VERSION = 1.0;
				PRODUCT_BUNDLE_IDENTIFIER = de.fassbender.PhotoHikesTests;
				PRODUCT_NAME = "$(TARGET_NAME)";
				SWIFT_EMIT_LOC_STRINGS = NO;
				SWIFT_VERSION = 5.0;
				TARGETED_DEVICE_FAMILY = "1,2";
				TEST_HOST = "$(BUILT_PRODUCTS_DIR)/PhotoHikes.app/$(BUNDLE_EXECUTABLE_FOLDER_PATH)/PhotoHikes";
			};
			name = Release;
		};
/* End XCBuildConfiguration section */

/* Begin XCConfigurationList section */
		28C9C6592C4FFDCC0055A357 /* Build configuration list for PBXProject "PhotoHikes" */ = {
			isa = XCConfigurationList;
			buildConfigurations = (
				28C9C6802C4FFDD10055A357 /* Debug */,
				28C9C6812C4FFDD10055A357 /* Release */,
			);
			defaultConfigurationIsVisible = 0;
			defaultConfigurationName = Release;
		};
		28C9C6822C4FFDD10055A357 /* Build configuration list for PBXNativeTarget "PhotoHikes" */ = {
			isa = XCConfigurationList;
			buildConfigurations = (
				28C9C6832C4FFDD10055A357 /* Debug */,
				28C9C6842C4FFDD10055A357 /* Release */,
			);
			defaultConfigurationIsVisible = 0;
			defaultConfigurationName = Release;
		};
		28C9C6852C4FFDD10055A357 /* Build configuration list for PBXNativeTarget "PhotoHikesTests" */ = {
			isa = XCConfigurationList;
			buildConfigurations = (
				28C9C6862C4FFDD10055A357 /* Debug */,
				28C9C6872C4FFDD10055A357 /* Release */,
			);
			defaultConfigurationIsVisible = 0;
			defaultConfigurationName = Release;
		};
/* End XCConfigurationList section */

/* Begin XCLocalSwiftPackageReference section */
		28BFF8932C56BCA100C272EA /* XCLocalSwiftPackageReference "../NetworkService" */ = {
			isa = XCLocalSwiftPackageReference;
			relativePath = ../NetworkService;
		};
/* End XCLocalSwiftPackageReference section */

/* Begin XCSwiftPackageProductDependency section */
		28BFF8942C56BCA100C272EA /* NetworkService */ = {
			isa = XCSwiftPackageProductDependency;
			productName = NetworkService;
		};
/* End XCSwiftPackageProductDependency section */
	};
	rootObject = 28C9C6562C4FFDCC0055A357 /* Project object */;
}
